// !$*UTF8*$!
{
	archiveVersion = 1;
	classes = {
	};
	objectVersion = 56;
	objects = {

/* Begin PBXBuildFile section */
		10330C2A2A3683D4000201DD /* UIViewController+Alerts.swift in Sources */ = {isa = PBXBuildFile; fileRef = 10330C292A3683D4000201DD /* UIViewController+Alerts.swift */; };
		10330C2C2A3755CA000201DD /* UIStackView+HVStack.swift in Sources */ = {isa = PBXBuildFile; fileRef = 10330C2B2A3755CA000201DD /* UIStackView+HVStack.swift */; };
		107953F92A2D0957005AEC75 /* OnboardingViewController.swift in Sources */ = {isa = PBXBuildFile; fileRef = 107953F82A2D0957005AEC75 /* OnboardingViewController.swift */; };
		107953FB2A2D0A15005AEC75 /* UserDefaults+Onboarding.swift in Sources */ = {isa = PBXBuildFile; fileRef = 107953FA2A2D0A14005AEC75 /* UserDefaults+Onboarding.swift */; };
		107954002A2E1EF1005AEC75 /* SingleStatsView.swift in Sources */ = {isa = PBXBuildFile; fileRef = 107953FF2A2E1EF1005AEC75 /* SingleStatsView.swift */; };
		107954032A2E2513005AEC75 /* RunSessionViewController.swift in Sources */ = {isa = PBXBuildFile; fileRef = 107954022A2E2513005AEC75 /* RunSessionViewController.swift */; };
		107954052A2E2523005AEC75 /* RunSessionViewModel.swift in Sources */ = {isa = PBXBuildFile; fileRef = 107954042A2E2523005AEC75 /* RunSessionViewModel.swift */; };
		107954082A2E263E005AEC75 /* RunSessionStatsViewModel.swift in Sources */ = {isa = PBXBuildFile; fileRef = 107954072A2E263E005AEC75 /* RunSessionStatsViewModel.swift */; };
		1079540A2A2E2675005AEC75 /* RunSessionStatsViewController.swift in Sources */ = {isa = PBXBuildFile; fileRef = 107954092A2E2675005AEC75 /* RunSessionStatsViewController.swift */; };
		107954152A2E4EF0005AEC75 /* Int+Formatting.swift in Sources */ = {isa = PBXBuildFile; fileRef = 107954142A2E4EF0005AEC75 /* Int+Formatting.swift */; };
		107954372A2F9E53005AEC75 /* CapsuleButton.swift in Sources */ = {isa = PBXBuildFile; fileRef = 107954362A2F9E53005AEC75 /* CapsuleButton.swift */; };
		1079543A2A2FAD70005AEC75 /* synthese-bold.otf in Resources */ = {isa = PBXBuildFile; fileRef = 107954392A2FAD70005AEC75 /* synthese-bold.otf */; };
		1079543C2A2FADB3005AEC75 /* synthese-light.otf in Resources */ = {isa = PBXBuildFile; fileRef = 1079543B2A2FADB3005AEC75 /* synthese-light.otf */; };
		1079543E2A2FAE34005AEC75 /* UIFont+Synthese.swift in Sources */ = {isa = PBXBuildFile; fileRef = 1079543D2A2FAE34005AEC75 /* UIFont+Synthese.swift */; };
		1079547A2A300678005AEC75 /* RunSessionStatsView.swift in Sources */ = {isa = PBXBuildFile; fileRef = 107954792A300678005AEC75 /* RunSessionStatsView.swift */; };
		1079547C2A31140F005AEC75 /* ObservableObject.swift in Sources */ = {isa = PBXBuildFile; fileRef = 1079547B2A31140F005AEC75 /* ObservableObject.swift */; };
		10A642092A2909220018F76F /* AppDelegate.swift in Sources */ = {isa = PBXBuildFile; fileRef = 10A642082A2909220018F76F /* AppDelegate.swift */; };
		10A6420B2A2909220018F76F /* SceneDelegate.swift in Sources */ = {isa = PBXBuildFile; fileRef = 10A6420A2A2909220018F76F /* SceneDelegate.swift */; };
		10A6420D2A2909220018F76F /* MainViewController.swift in Sources */ = {isa = PBXBuildFile; fileRef = 10A6420C2A2909220018F76F /* MainViewController.swift */; };
		10A642122A2909240018F76F /* Assets.xcassets in Resources */ = {isa = PBXBuildFile; fileRef = 10A642112A2909240018F76F /* Assets.xcassets */; };
		10A642152A2909240018F76F /* LaunchScreen.storyboard in Resources */ = {isa = PBXBuildFile; fileRef = 10A642132A2909240018F76F /* LaunchScreen.storyboard */; };
		10A6421F2A2918ED0018F76F /* TabBarController.swift in Sources */ = {isa = PBXBuildFile; fileRef = 10A6421E2A2918ED0018F76F /* TabBarController.swift */; };
		10A642212A29192E0018F76F /* HistoryViewController.swift in Sources */ = {isa = PBXBuildFile; fileRef = 10A642202A29192E0018F76F /* HistoryViewController.swift */; };
		10A642272A291FCF0018F76F /* MainViewModel.swift in Sources */ = {isa = PBXBuildFile; fileRef = 10A642262A291FCF0018F76F /* MainViewModel.swift */; };
		10A642292A291FDE0018F76F /* HistoryViewModel.swift in Sources */ = {isa = PBXBuildFile; fileRef = 10A642282A291FDE0018F76F /* HistoryViewModel.swift */; };
		10A6422B2A2920E50018F76F /* Assembly.swift in Sources */ = {isa = PBXBuildFile; fileRef = 10A6422A2A2920E50018F76F /* Assembly.swift */; };
		10A6422E2A29220B0018F76F /* HistoryCell.swift in Sources */ = {isa = PBXBuildFile; fileRef = 10A6422D2A29220B0018F76F /* HistoryCell.swift */; };
		10A642302A2923760018F76F /* HistoryCellViewModel.swift in Sources */ = {isa = PBXBuildFile; fileRef = 10A6422F2A2923760018F76F /* HistoryCellViewModel.swift */; };
		10A642332A29271B0018F76F /* RunsHistoryKeeper.swift in Sources */ = {isa = PBXBuildFile; fileRef = 10A642322A29271A0018F76F /* RunsHistoryKeeper.swift */; };
		10A6423A2A29286F0018F76F /* RealmSwift in Frameworks */ = {isa = PBXBuildFile; productRef = 10A642392A29286F0018F76F /* RealmSwift */; };
		10A6423C2A2929770018F76F /* RunInfoModel.swift in Sources */ = {isa = PBXBuildFile; fileRef = 10A6423B2A2929770018F76F /* RunInfoModel.swift */; };
		10A642402A2939840018F76F /* R.swift in Sources */ = {isa = PBXBuildFile; fileRef = 10A6423F2A2939840018F76F /* R.swift */; };
		10A642432A2939B30018F76F /* UIColor+RGB.swift in Sources */ = {isa = PBXBuildFile; fileRef = 10A642422A2939B30018F76F /* UIColor+RGB.swift */; };
/* End PBXBuildFile section */

/* Begin PBXFileReference section */
		10330C292A3683D4000201DD /* UIViewController+Alerts.swift */ = {isa = PBXFileReference; lastKnownFileType = sourcecode.swift; path = "UIViewController+Alerts.swift"; sourceTree = "<group>"; };
		10330C2B2A3755CA000201DD /* UIStackView+HVStack.swift */ = {isa = PBXFileReference; lastKnownFileType = sourcecode.swift; path = "UIStackView+HVStack.swift"; sourceTree = "<group>"; };
		107953F82A2D0957005AEC75 /* OnboardingViewController.swift */ = {isa = PBXFileReference; lastKnownFileType = sourcecode.swift; path = OnboardingViewController.swift; sourceTree = "<group>"; };
		107953FA2A2D0A14005AEC75 /* UserDefaults+Onboarding.swift */ = {isa = PBXFileReference; lastKnownFileType = sourcecode.swift; path = "UserDefaults+Onboarding.swift"; sourceTree = "<group>"; };
		107953FF2A2E1EF1005AEC75 /* SingleStatsView.swift */ = {isa = PBXFileReference; lastKnownFileType = sourcecode.swift; path = SingleStatsView.swift; sourceTree = "<group>"; };
		107954022A2E2513005AEC75 /* RunSessionViewController.swift */ = {isa = PBXFileReference; lastKnownFileType = sourcecode.swift; path = RunSessionViewController.swift; sourceTree = "<group>"; };
		107954042A2E2523005AEC75 /* RunSessionViewModel.swift */ = {isa = PBXFileReference; lastKnownFileType = sourcecode.swift; path = RunSessionViewModel.swift; sourceTree = "<group>"; };
		107954072A2E263E005AEC75 /* RunSessionStatsViewModel.swift */ = {isa = PBXFileReference; lastKnownFileType = sourcecode.swift; path = RunSessionStatsViewModel.swift; sourceTree = "<group>"; };
		107954092A2E2675005AEC75 /* RunSessionStatsViewController.swift */ = {isa = PBXFileReference; lastKnownFileType = sourcecode.swift; path = RunSessionStatsViewController.swift; sourceTree = "<group>"; };
		107954142A2E4EF0005AEC75 /* Int+Formatting.swift */ = {isa = PBXFileReference; lastKnownFileType = sourcecode.swift; path = "Int+Formatting.swift"; sourceTree = "<group>"; };
		107954362A2F9E53005AEC75 /* CapsuleButton.swift */ = {isa = PBXFileReference; lastKnownFileType = sourcecode.swift; path = CapsuleButton.swift; sourceTree = "<group>"; };
		107954392A2FAD70005AEC75 /* synthese-bold.otf */ = {isa = PBXFileReference; lastKnownFileType = file; path = "synthese-bold.otf"; sourceTree = "<group>"; };
		1079543B2A2FADB3005AEC75 /* synthese-light.otf */ = {isa = PBXFileReference; lastKnownFileType = file; path = "synthese-light.otf"; sourceTree = "<group>"; };
		1079543D2A2FAE34005AEC75 /* UIFont+Synthese.swift */ = {isa = PBXFileReference; lastKnownFileType = sourcecode.swift; path = "UIFont+Synthese.swift"; sourceTree = "<group>"; };
		107954792A300678005AEC75 /* RunSessionStatsView.swift */ = {isa = PBXFileReference; lastKnownFileType = sourcecode.swift; path = RunSessionStatsView.swift; sourceTree = "<group>"; };
		1079547B2A31140F005AEC75 /* ObservableObject.swift */ = {isa = PBXFileReference; lastKnownFileType = sourcecode.swift; path = ObservableObject.swift; sourceTree = "<group>"; };
		10A642052A2909220018F76F /* RunTracker.app */ = {isa = PBXFileReference; explicitFileType = wrapper.application; includeInIndex = 0; path = RunTracker.app; sourceTree = BUILT_PRODUCTS_DIR; };
		10A642082A2909220018F76F /* AppDelegate.swift */ = {isa = PBXFileReference; lastKnownFileType = sourcecode.swift; path = AppDelegate.swift; sourceTree = "<group>"; };
		10A6420A2A2909220018F76F /* SceneDelegate.swift */ = {isa = PBXFileReference; lastKnownFileType = sourcecode.swift; path = SceneDelegate.swift; sourceTree = "<group>"; };
		10A6420C2A2909220018F76F /* MainViewController.swift */ = {isa = PBXFileReference; lastKnownFileType = sourcecode.swift; path = MainViewController.swift; sourceTree = "<group>"; };
		10A642112A2909240018F76F /* Assets.xcassets */ = {isa = PBXFileReference; lastKnownFileType = folder.assetcatalog; path = Assets.xcassets; sourceTree = "<group>"; };
		10A642142A2909240018F76F /* Base */ = {isa = PBXFileReference; lastKnownFileType = file.storyboard; name = Base; path = Base.lproj/LaunchScreen.storyboard; sourceTree = "<group>"; };
		10A642162A2909240018F76F /* Info.plist */ = {isa = PBXFileReference; lastKnownFileType = text.plist.xml; path = Info.plist; sourceTree = "<group>"; };
		10A6421E2A2918ED0018F76F /* TabBarController.swift */ = {isa = PBXFileReference; lastKnownFileType = sourcecode.swift; path = TabBarController.swift; sourceTree = "<group>"; };
		10A642202A29192E0018F76F /* HistoryViewController.swift */ = {isa = PBXFileReference; lastKnownFileType = sourcecode.swift; path = HistoryViewController.swift; sourceTree = "<group>"; };
		10A642262A291FCF0018F76F /* MainViewModel.swift */ = {isa = PBXFileReference; lastKnownFileType = sourcecode.swift; path = MainViewModel.swift; sourceTree = "<group>"; };
		10A642282A291FDE0018F76F /* HistoryViewModel.swift */ = {isa = PBXFileReference; lastKnownFileType = sourcecode.swift; path = HistoryViewModel.swift; sourceTree = "<group>"; };
		10A6422A2A2920E50018F76F /* Assembly.swift */ = {isa = PBXFileReference; lastKnownFileType = sourcecode.swift; path = Assembly.swift; sourceTree = "<group>"; };
		10A6422D2A29220B0018F76F /* HistoryCell.swift */ = {isa = PBXFileReference; lastKnownFileType = sourcecode.swift; path = HistoryCell.swift; sourceTree = "<group>"; };
		10A6422F2A2923760018F76F /* HistoryCellViewModel.swift */ = {isa = PBXFileReference; lastKnownFileType = sourcecode.swift; path = HistoryCellViewModel.swift; sourceTree = "<group>"; };
		10A642322A29271A0018F76F /* RunsHistoryKeeper.swift */ = {isa = PBXFileReference; lastKnownFileType = sourcecode.swift; path = RunsHistoryKeeper.swift; sourceTree = "<group>"; };
		10A6423B2A2929770018F76F /* RunInfoModel.swift */ = {isa = PBXFileReference; lastKnownFileType = sourcecode.swift; path = RunInfoModel.swift; sourceTree = "<group>"; };
		10A6423F2A2939840018F76F /* R.swift */ = {isa = PBXFileReference; lastKnownFileType = sourcecode.swift; path = R.swift; sourceTree = "<group>"; };
		10A642422A2939B30018F76F /* UIColor+RGB.swift */ = {isa = PBXFileReference; lastKnownFileType = sourcecode.swift; path = "UIColor+RGB.swift"; sourceTree = "<group>"; };
/* End PBXFileReference section */

/* Begin PBXFrameworksBuildPhase section */
		10A642022A2909220018F76F /* Frameworks */ = {
			isa = PBXFrameworksBuildPhase;
			buildActionMask = 2147483647;
			files = (
				10A6423A2A29286F0018F76F /* RealmSwift in Frameworks */,
			);
			runOnlyForDeploymentPostprocessing = 0;
		};
/* End PBXFrameworksBuildPhase section */

/* Begin PBXGroup section */
		107953F72A2D0922005AEC75 /* OnboardingModule */ = {
			isa = PBXGroup;
			children = (
				107953F82A2D0957005AEC75 /* OnboardingViewController.swift */,
			);
			path = OnboardingModule;
			sourceTree = "<group>";
		};
		107954012A2E24E5005AEC75 /* RunSessionModule */ = {
			isa = PBXGroup;
			children = (
				107954022A2E2513005AEC75 /* RunSessionViewController.swift */,
				107954042A2E2523005AEC75 /* RunSessionViewModel.swift */,
			);
			path = RunSessionModule;
			sourceTree = "<group>";
		};
		107954062A2E260B005AEC75 /* RunSesstionStatsModule */ = {
			isa = PBXGroup;
			children = (
				107954072A2E263E005AEC75 /* RunSessionStatsViewModel.swift */,
				107954092A2E2675005AEC75 /* RunSessionStatsViewController.swift */,
			);
			path = RunSesstionStatsModule;
			sourceTree = "<group>";
		};
		107954112A2E44AB005AEC75 /* Subviews */ = {
			isa = PBXGroup;
			children = (
				107953FF2A2E1EF1005AEC75 /* SingleStatsView.swift */,
				107954362A2F9E53005AEC75 /* CapsuleButton.swift */,
				107954792A300678005AEC75 /* RunSessionStatsView.swift */,
			);
			path = Subviews;
			sourceTree = "<group>";
		};
		107954382A2FAC8F005AEC75 /* Fonts */ = {
			isa = PBXGroup;
			children = (
				107954392A2FAD70005AEC75 /* synthese-bold.otf */,
				1079543B2A2FADB3005AEC75 /* synthese-light.otf */,
			);
			path = Fonts;
			sourceTree = "<group>";
		};
		10A641FC2A2909220018F76F = {
			isa = PBXGroup;
			children = (
				10A642072A2909220018F76F /* RunTracker */,
				10A642062A2909220018F76F /* Products */,
			);
			sourceTree = "<group>";
		};
		10A642062A2909220018F76F /* Products */ = {
			isa = PBXGroup;
			children = (
				10A642052A2909220018F76F /* RunTracker.app */,
			);
			name = Products;
			sourceTree = "<group>";
		};
		10A642072A2909220018F76F /* RunTracker */ = {
			isa = PBXGroup;
			children = (
				10A642222A291D6E0018F76F /* App */,
				10A6423D2A292B070018F76F /* Realm */,
				10A642342A2927570018F76F /* Modules */,
				10A642252A291DA60018F76F /* SupportingFiles */,
			);
			path = RunTracker;
			sourceTree = "<group>";
		};
		10A642222A291D6E0018F76F /* App */ = {
			isa = PBXGroup;
			children = (
				10A642082A2909220018F76F /* AppDelegate.swift */,
				10A6420A2A2909220018F76F /* SceneDelegate.swift */,
				10A6421E2A2918ED0018F76F /* TabBarController.swift */,
				10A6422A2A2920E50018F76F /* Assembly.swift */,
			);
			path = App;
			sourceTree = "<group>";
		};
		10A642232A291D800018F76F /* MainModule */ = {
			isa = PBXGroup;
			children = (
				10A6420C2A2909220018F76F /* MainViewController.swift */,
				10A642262A291FCF0018F76F /* MainViewModel.swift */,
			);
			path = MainModule;
			sourceTree = "<group>";
		};
		10A642242A291D870018F76F /* HistoryModule */ = {
			isa = PBXGroup;
			children = (
				10A642202A29192E0018F76F /* HistoryViewController.swift */,
				10A642282A291FDE0018F76F /* HistoryViewModel.swift */,
				10A6423E2A292BED0018F76F /* HistoryCell */,
			);
			path = HistoryModule;
			sourceTree = "<group>";
		};
		10A642252A291DA60018F76F /* SupportingFiles */ = {
			isa = PBXGroup;
			children = (
				107954382A2FAC8F005AEC75 /* Fonts */,
				107954112A2E44AB005AEC75 /* Subviews */,
				10A642412A2939A30018F76F /* Extensions */,
				10A642112A2909240018F76F /* Assets.xcassets */,
				10A642132A2909240018F76F /* LaunchScreen.storyboard */,
				10A642162A2909240018F76F /* Info.plist */,
				10A6423F2A2939840018F76F /* R.swift */,
				1079547B2A31140F005AEC75 /* ObservableObject.swift */,
			);
			path = SupportingFiles;
			sourceTree = "<group>";
		};
		10A642342A2927570018F76F /* Modules */ = {
			isa = PBXGroup;
			children = (
				107953F72A2D0922005AEC75 /* OnboardingModule */,
				10A642232A291D800018F76F /* MainModule */,
				10A642242A291D870018F76F /* HistoryModule */,
				107954012A2E24E5005AEC75 /* RunSessionModule */,
				107954062A2E260B005AEC75 /* RunSesstionStatsModule */,
			);
			path = Modules;
			sourceTree = "<group>";
		};
		10A6423D2A292B070018F76F /* Realm */ = {
			isa = PBXGroup;
			children = (
				10A642322A29271A0018F76F /* RunsHistoryKeeper.swift */,
				10A6423B2A2929770018F76F /* RunInfoModel.swift */,
			);
			path = Realm;
			sourceTree = "<group>";
		};
		10A6423E2A292BED0018F76F /* HistoryCell */ = {
			isa = PBXGroup;
			children = (
				10A6422D2A29220B0018F76F /* HistoryCell.swift */,
				10A6422F2A2923760018F76F /* HistoryCellViewModel.swift */,
			);
			path = HistoryCell;
			sourceTree = "<group>";
		};
		10A642412A2939A30018F76F /* Extensions */ = {
			isa = PBXGroup;
			children = (
				10A642422A2939B30018F76F /* UIColor+RGB.swift */,
				107953FA2A2D0A14005AEC75 /* UserDefaults+Onboarding.swift */,
				107954142A2E4EF0005AEC75 /* Int+Formatting.swift */,
				1079543D2A2FAE34005AEC75 /* UIFont+Synthese.swift */,
				10330C292A3683D4000201DD /* UIViewController+Alerts.swift */,
				10330C2B2A3755CA000201DD /* UIStackView+HVStack.swift */,
			);
			path = Extensions;
			sourceTree = "<group>";
		};
/* End PBXGroup section */

/* Begin PBXNativeTarget section */
		10A642042A2909220018F76F /* RunTracker */ = {
			isa = PBXNativeTarget;
			buildConfigurationList = 10A642192A2909240018F76F /* Build configuration list for PBXNativeTarget "RunTracker" */;
			buildPhases = (
				10A642012A2909220018F76F /* Sources */,
				10A642022A2909220018F76F /* Frameworks */,
				10A642032A2909220018F76F /* Resources */,
			);
			buildRules = (
			);
			dependencies = (
			);
			name = RunTracker;
			packageProductDependencies = (
				10A642392A29286F0018F76F /* RealmSwift */,
			);
			productName = RunTracker;
			productReference = 10A642052A2909220018F76F /* RunTracker.app */;
			productType = "com.apple.product-type.application";
		};
/* End PBXNativeTarget section */

/* Begin PBXProject section */
		10A641FD2A2909220018F76F /* Project object */ = {
			isa = PBXProject;
			attributes = {
				BuildIndependentTargetsInParallel = 1;
				LastSwiftUpdateCheck = 1430;
				LastUpgradeCheck = 1430;
				TargetAttributes = {
					10A642042A2909220018F76F = {
						CreatedOnToolsVersion = 14.3;
					};
				};
			};
			buildConfigurationList = 10A642002A2909220018F76F /* Build configuration list for PBXProject "RunTracker" */;
			compatibilityVersion = "Xcode 14.0";
			developmentRegion = en;
			hasScannedForEncodings = 0;
			knownRegions = (
				en,
				Base,
			);
			mainGroup = 10A641FC2A2909220018F76F;
			packageReferences = (
				10A642382A29286F0018F76F /* XCRemoteSwiftPackageReference "realm-swift" */,
			);
			productRefGroup = 10A642062A2909220018F76F /* Products */;
			projectDirPath = "";
			projectRoot = "";
			targets = (
				10A642042A2909220018F76F /* RunTracker */,
			);
		};
/* End PBXProject section */

/* Begin PBXResourcesBuildPhase section */
		10A642032A2909220018F76F /* Resources */ = {
			isa = PBXResourcesBuildPhase;
			buildActionMask = 2147483647;
			files = (
				10A642152A2909240018F76F /* LaunchScreen.storyboard in Resources */,
				1079543C2A2FADB3005AEC75 /* synthese-light.otf in Resources */,
				10A642122A2909240018F76F /* Assets.xcassets in Resources */,
				1079543A2A2FAD70005AEC75 /* synthese-bold.otf in Resources */,
			);
			runOnlyForDeploymentPostprocessing = 0;
		};
/* End PBXResourcesBuildPhase section */

/* Begin PBXSourcesBuildPhase section */
		10A642012A2909220018F76F /* Sources */ = {
			isa = PBXSourcesBuildPhase;
			buildActionMask = 2147483647;
			files = (
				107954152A2E4EF0005AEC75 /* Int+Formatting.swift in Sources */,
				1079543E2A2FAE34005AEC75 /* UIFont+Synthese.swift in Sources */,
				10A6420D2A2909220018F76F /* MainViewController.swift in Sources */,
				107954032A2E2513005AEC75 /* RunSessionViewController.swift in Sources */,
				10A642432A2939B30018F76F /* UIColor+RGB.swift in Sources */,
				10A6422B2A2920E50018F76F /* Assembly.swift in Sources */,
				10A6421F2A2918ED0018F76F /* TabBarController.swift in Sources */,
				10A6422E2A29220B0018F76F /* HistoryCell.swift in Sources */,
				10A642092A2909220018F76F /* AppDelegate.swift in Sources */,
				10A642212A29192E0018F76F /* HistoryViewController.swift in Sources */,
				107954082A2E263E005AEC75 /* RunSessionStatsViewModel.swift in Sources */,
				107953F92A2D0957005AEC75 /* OnboardingViewController.swift in Sources */,
				107954002A2E1EF1005AEC75 /* SingleStatsView.swift in Sources */,
				10A642332A29271B0018F76F /* RunsHistoryKeeper.swift in Sources */,
				10A6423C2A2929770018F76F /* RunInfoModel.swift in Sources */,
				10A642302A2923760018F76F /* HistoryCellViewModel.swift in Sources */,
				107954052A2E2523005AEC75 /* RunSessionViewModel.swift in Sources */,
				10A6420B2A2909220018F76F /* SceneDelegate.swift in Sources */,
				10330C2A2A3683D4000201DD /* UIViewController+Alerts.swift in Sources */,
				10330C2C2A3755CA000201DD /* UIStackView+HVStack.swift in Sources */,
				10A642272A291FCF0018F76F /* MainViewModel.swift in Sources */,
				1079547A2A300678005AEC75 /* RunSessionStatsView.swift in Sources */,
				107953FB2A2D0A15005AEC75 /* UserDefaults+Onboarding.swift in Sources */,
				1079540A2A2E2675005AEC75 /* RunSessionStatsViewController.swift in Sources */,
				107954372A2F9E53005AEC75 /* CapsuleButton.swift in Sources */,
				10A642402A2939840018F76F /* R.swift in Sources */,
				1079547C2A31140F005AEC75 /* ObservableObject.swift in Sources */,
				10A642292A291FDE0018F76F /* HistoryViewModel.swift in Sources */,
			);
			runOnlyForDeploymentPostprocessing = 0;
		};
/* End PBXSourcesBuildPhase section */

/* Begin PBXVariantGroup section */
		10A642132A2909240018F76F /* LaunchScreen.storyboard */ = {
			isa = PBXVariantGroup;
			children = (
				10A642142A2909240018F76F /* Base */,
			);
			name = LaunchScreen.storyboard;
			sourceTree = "<group>";
		};
/* End PBXVariantGroup section */

/* Begin XCBuildConfiguration section */
		10A642172A2909240018F76F /* Debug */ = {
			isa = XCBuildConfiguration;
			buildSettings = {
				ALWAYS_SEARCH_USER_PATHS = NO;
				CLANG_ANALYZER_NONNULL = YES;
				CLANG_ANALYZER_NUMBER_OBJECT_CONVERSION = YES_AGGRESSIVE;
				CLANG_CXX_LANGUAGE_STANDARD = "gnu++20";
				CLANG_ENABLE_MODULES = YES;
				CLANG_ENABLE_OBJC_ARC = YES;
				CLANG_ENABLE_OBJC_WEAK = YES;
				CLANG_WARN_BLOCK_CAPTURE_AUTORELEASING = YES;
				CLANG_WARN_BOOL_CONVERSION = YES;
				CLANG_WARN_COMMA = YES;
				CLANG_WARN_CONSTANT_CONVERSION = YES;
				CLANG_WARN_DEPRECATED_OBJC_IMPLEMENTATIONS = YES;
				CLANG_WARN_DIRECT_OBJC_ISA_USAGE = YES_ERROR;
				CLANG_WARN_DOCUMENTATION_COMMENTS = YES;
				CLANG_WARN_EMPTY_BODY = YES;
				CLANG_WARN_ENUM_CONVERSION = YES;
				CLANG_WARN_INFINITE_RECURSION = YES;
				CLANG_WARN_INT_CONVERSION = YES;
				CLANG_WARN_NON_LITERAL_NULL_CONVERSION = YES;
				CLANG_WARN_OBJC_IMPLICIT_RETAIN_SELF = YES;
				CLANG_WARN_OBJC_LITERAL_CONVERSION = YES;
				CLANG_WARN_OBJC_ROOT_CLASS = YES_ERROR;
				CLANG_WARN_QUOTED_INCLUDE_IN_FRAMEWORK_HEADER = YES;
				CLANG_WARN_RANGE_LOOP_ANALYSIS = YES;
				CLANG_WARN_STRICT_PROTOTYPES = YES;
				CLANG_WARN_SUSPICIOUS_MOVE = YES;
				CLANG_WARN_UNGUARDED_AVAILABILITY = YES_AGGRESSIVE;
				CLANG_WARN_UNREACHABLE_CODE = YES;
				CLANG_WARN__DUPLICATE_METHOD_MATCH = YES;
				COPY_PHASE_STRIP = NO;
				DEBUG_INFORMATION_FORMAT = dwarf;
				ENABLE_STRICT_OBJC_MSGSEND = YES;
				ENABLE_TESTABILITY = YES;
				GCC_C_LANGUAGE_STANDARD = gnu11;
				GCC_DYNAMIC_NO_PIC = NO;
				GCC_NO_COMMON_BLOCKS = YES;
				GCC_OPTIMIZATION_LEVEL = 0;
				GCC_PREPROCESSOR_DEFINITIONS = (
					"DEBUG=1",
					"$(inherited)",
				);
				GCC_WARN_64_TO_32_BIT_CONVERSION = YES;
				GCC_WARN_ABOUT_RETURN_TYPE = YES_ERROR;
				GCC_WARN_UNDECLARED_SELECTOR = YES;
				GCC_WARN_UNINITIALIZED_AUTOS = YES_AGGRESSIVE;
				GCC_WARN_UNUSED_FUNCTION = YES;
				GCC_WARN_UNUSED_VARIABLE = YES;
				IPHONEOS_DEPLOYMENT_TARGET = 16.4;
				MTL_ENABLE_DEBUG_INFO = INCLUDE_SOURCE;
				MTL_FAST_MATH = YES;
				ONLY_ACTIVE_ARCH = YES;
				SDKROOT = iphoneos;
				SWIFT_ACTIVE_COMPILATION_CONDITIONS = DEBUG;
				SWIFT_OPTIMIZATION_LEVEL = "-Onone";
			};
			name = Debug;
		};
		10A642182A2909240018F76F /* Release */ = {
			isa = XCBuildConfiguration;
			buildSettings = {
				ALWAYS_SEARCH_USER_PATHS = NO;
				CLANG_ANALYZER_NONNULL = YES;
				CLANG_ANALYZER_NUMBER_OBJECT_CONVERSION = YES_AGGRESSIVE;
				CLANG_CXX_LANGUAGE_STANDARD = "gnu++20";
				CLANG_ENABLE_MODULES = YES;
				CLANG_ENABLE_OBJC_ARC = YES;
				CLANG_ENABLE_OBJC_WEAK = YES;
				CLANG_WARN_BLOCK_CAPTURE_AUTORELEASING = YES;
				CLANG_WARN_BOOL_CONVERSION = YES;
				CLANG_WARN_COMMA = YES;
				CLANG_WARN_CONSTANT_CONVERSION = YES;
				CLANG_WARN_DEPRECATED_OBJC_IMPLEMENTATIONS = YES;
				CLANG_WARN_DIRECT_OBJC_ISA_USAGE = YES_ERROR;
				CLANG_WARN_DOCUMENTATION_COMMENTS = YES;
				CLANG_WARN_EMPTY_BODY = YES;
				CLANG_WARN_ENUM_CONVERSION = YES;
				CLANG_WARN_INFINITE_RECURSION = YES;
				CLANG_WARN_INT_CONVERSION = YES;
				CLANG_WARN_NON_LITERAL_NULL_CONVERSION = YES;
				CLANG_WARN_OBJC_IMPLICIT_RETAIN_SELF = YES;
				CLANG_WARN_OBJC_LITERAL_CONVERSION = YES;
				CLANG_WARN_OBJC_ROOT_CLASS = YES_ERROR;
				CLANG_WARN_QUOTED_INCLUDE_IN_FRAMEWORK_HEADER = YES;
				CLANG_WARN_RANGE_LOOP_ANALYSIS = YES;
				CLANG_WARN_STRICT_PROTOTYPES = YES;
				CLANG_WARN_SUSPICIOUS_MOVE = YES;
				CLANG_WARN_UNGUARDED_AVAILABILITY = YES_AGGRESSIVE;
				CLANG_WARN_UNREACHABLE_CODE = YES;
				CLANG_WARN__DUPLICATE_METHOD_MATCH = YES;
				COPY_PHASE_STRIP = NO;
				DEBUG_INFORMATION_FORMAT = "dwarf-with-dsym";
				ENABLE_NS_ASSERTIONS = NO;
				ENABLE_STRICT_OBJC_MSGSEND = YES;
				GCC_C_LANGUAGE_STANDARD = gnu11;
				GCC_NO_COMMON_BLOCKS = YES;
				GCC_WARN_64_TO_32_BIT_CONVERSION = YES;
				GCC_WARN_ABOUT_RETURN_TYPE = YES_ERROR;
				GCC_WARN_UNDECLARED_SELECTOR = YES;
				GCC_WARN_UNINITIALIZED_AUTOS = YES_AGGRESSIVE;
				GCC_WARN_UNUSED_FUNCTION = YES;
				GCC_WARN_UNUSED_VARIABLE = YES;
				IPHONEOS_DEPLOYMENT_TARGET = 16.4;
				MTL_ENABLE_DEBUG_INFO = NO;
				MTL_FAST_MATH = YES;
				SDKROOT = iphoneos;
				SWIFT_COMPILATION_MODE = wholemodule;
				SWIFT_OPTIMIZATION_LEVEL = "-O";
				VALIDATE_PRODUCT = YES;
			};
			name = Release;
		};
		10A6421A2A2909240018F76F /* Debug */ = {
			isa = XCBuildConfiguration;
			buildSettings = {
				ASSETCATALOG_COMPILER_APPICON_NAME = AppIcon;
				ASSETCATALOG_COMPILER_GLOBAL_ACCENT_COLOR_NAME = AccentColor;
				CODE_SIGN_STYLE = Automatic;
				CURRENT_PROJECT_VERSION = 1;
				DEVELOPMENT_TEAM = RYP579LK57;
				GENERATE_INFOPLIST_FILE = YES;
				INFOPLIST_FILE = RunTracker/SupportingFiles/Info.plist;
				INFOPLIST_KEY_UIApplicationSupportsIndirectInputEvents = YES;
				INFOPLIST_KEY_UILaunchStoryboardName = LaunchScreen;
				INFOPLIST_KEY_UISupportedInterfaceOrientations = UIInterfaceOrientationPortrait;
				INFOPLIST_KEY_UISupportedInterfaceOrientations_iPad = "UIInterfaceOrientationLandscapeLeft UIInterfaceOrientationLandscapeRight UIInterfaceOrientationPortrait UIInterfaceOrientationPortraitUpsideDown";
				IPHONEOS_DEPLOYMENT_TARGET = 15;
				LD_RUNPATH_SEARCH_PATHS = (
					"$(inherited)",
					"@executable_path/Frameworks",
				);
				MARKETING_VERSION = 1.0;
				PRODUCT_BUNDLE_IDENTIFIER = sjapi.RunTracker;
				PRODUCT_NAME = "$(TARGET_NAME)";
				SUPPORTED_PLATFORMS = "iphoneos iphonesimulator";
				SUPPORTS_MACCATALYST = NO;
				SUPPORTS_MAC_DESIGNED_FOR_IPHONE_IPAD = NO;
				SWIFT_EMIT_LOC_STRINGS = YES;
				SWIFT_VERSION = 5.0;
				TARGETED_DEVICE_FAMILY = 1;
			};
			name = Debug;
		};
		10A6421B2A2909240018F76F /* Release */ = {
			isa = XCBuildConfiguration;
			buildSettings = {
				ASSETCATALOG_COMPILER_APPICON_NAME = AppIcon;
				ASSETCATALOG_COMPILER_GLOBAL_ACCENT_COLOR_NAME = AccentColor;
				CODE_SIGN_STYLE = Automatic;
				CURRENT_PROJECT_VERSION = 1;
				DEVELOPMENT_TEAM = RYP579LK57;
				GENERATE_INFOPLIST_FILE = YES;
				INFOPLIST_FILE = RunTracker/SupportingFiles/Info.plist;
				INFOPLIST_KEY_UIApplicationSupportsIndirectInputEvents = YES;
				INFOPLIST_KEY_UILaunchStoryboardName = LaunchScreen;
				INFOPLIST_KEY_UISupportedInterfaceOrientations = UIInterfaceOrientationPortrait;
				INFOPLIST_KEY_UISupportedInterfaceOrientations_iPad = "UIInterfaceOrientationLandscapeLeft UIInterfaceOrientationLandscapeRight UIInterfaceOrientationPortrait UIInterfaceOrientationPortraitUpsideDown";
				IPHONEOS_DEPLOYMENT_TARGET = 15;
				LD_RUNPATH_SEARCH_PATHS = (
					"$(inherited)",
					"@executable_path/Frameworks",
				);
				MARKETING_VERSION = 1.0;
				PRODUCT_BUNDLE_IDENTIFIER = sjapi.RunTracker;
				PRODUCT_NAME = "$(TARGET_NAME)";
				SUPPORTED_PLATFORMS = "iphoneos iphonesimulator";
				SUPPORTS_MACCATALYST = NO;
				SUPPORTS_MAC_DESIGNED_FOR_IPHONE_IPAD = NO;
				SWIFT_EMIT_LOC_STRINGS = YES;
				SWIFT_VERSION = 5.0;
				TARGETED_DEVICE_FAMILY = 1;
			};
			name = Release;
		};
/* End XCBuildConfiguration section */

/* Begin XCConfigurationList section */
		10A642002A2909220018F76F /* Build configuration list for PBXProject "RunTracker" */ = {
			isa = XCConfigurationList;
			buildConfigurations = (
				10A642172A2909240018F76F /* Debug */,
				10A642182A2909240018F76F /* Release */,
			);
			defaultConfigurationIsVisible = 0;
			defaultConfigurationName = Release;
		};
		10A642192A2909240018F76F /* Build configuration list for PBXNativeTarget "RunTracker" */ = {
			isa = XCConfigurationList;
			buildConfigurations = (
				10A6421A2A2909240018F76F /* Debug */,
				10A6421B2A2909240018F76F /* Release */,
			);
			defaultConfigurationIsVisible = 0;
			defaultConfigurationName = Release;
		};
/* End XCConfigurationList section */

/* Begin XCRemoteSwiftPackageReference section */
		10A642382A29286F0018F76F /* XCRemoteSwiftPackageReference "realm-swift" */ = {
			isa = XCRemoteSwiftPackageReference;
			repositoryURL = "https://github.com/realm/realm-swift";
			requirement = {
				branch = master;
				kind = branch;
			};
		};
/* End XCRemoteSwiftPackageReference section */

/* Begin XCSwiftPackageProductDependency section */
		10A642392A29286F0018F76F /* RealmSwift */ = {
			isa = XCSwiftPackageProductDependency;
			package = 10A642382A29286F0018F76F /* XCRemoteSwiftPackageReference "realm-swift" */;
			productName = RealmSwift;
		};
/* End XCSwiftPackageProductDependency section */
	};
	rootObject = 10A641FD2A2909220018F76F /* Project object */;
}
